
Microsoft Visual Studio Solution File, Format Version 12.00
# Visual Studio Version 17
VisualStudioVersion = 17.4.33403.182
MinimumVisualStudioVersion = 10.0.40219.1
Project("{FAE04EC0-301F-11D3-BF4B-00C04F79EFBC}") = "MusicPlayer.UI", "MusicPlayer.UI\MusicPlayer.UI.csproj", "{05DC8FE5-BCEB-42E1-BC51-8E1170AD0D94}"
EndProject
Global
	GlobalSection(SolutionConfigurationPlatforms) = preSolution
		Debug|Any CPU = Debug|Any CPU
		Release|Any CPU = Release|Any CPU
	EndGlobalSection
	GlobalSection(ProjectConfigurationPlatforms) = postSolution
		{05DC8FE5-BCEB-42E1-BC51-8E1170AD0D94}.Debug|Any CPU.ActiveCfg = Debug|Any CPU
		{05DC8FE5-BCEB-42E1-BC51-8E1170AD0D94}.Debug|Any CPU.Build.0 = Debug|Any CPU
		{05DC8FE5-BCEB-42E1-BC51-8E1170AD0D94}.Release|Any CPU.ActiveCfg = Release|Any CPU
		{05DC8FE5-BCEB-42E1-BC51-8E1170AD0D94}.Release|Any CPU.Build.0 = Release|Any CPU
	EndGlobalSection
	GlobalSection(SolutionProperties) = preSolution
		HideSolutionNode = FALSE
	EndGlobalSection
	GlobalSection(ExtensibilityGlobals) = postSolution
		SolutionGuid = {BB64F413-5595-4616-B45A-8DBBD1389D8A}
	EndGlobalSection
EndGlobal
